
Microsoft Visual Studio Solution File, Format Version 12.00
# Visual Studio Version 17
VisualStudioVersion = 17.8.34322.80
MinimumVisualStudioVersion = 10.0.40219.1
Project("{8BC9CEB8-8B4A-11D0-8D11-00A0C91BC942}") = "o.o.p_17_12_vstup", "o.o.p_17_12_vstup.vcxproj", "{B1180F55-1A73-4104-999D-812025952597}"
EndProject
Global
	GlobalSection(SolutionConfigurationPlatforms) = preSolution
		Debug|x64 = Debug|x64
		Debug|x86 = Debug|x86
		Release|x64 = Release|x64
		Release|x86 = Release|x86
	EndGlobalSection
	GlobalSection(ProjectConfigurationPlatforms) = postSolution
		{B1180F55-1A73-4104-999D-812025952597}.Debug|x64.ActiveCfg = Debug|x64
		{B1180F55-1A73-4104-999D-812025952597}.Debug|x64.Build.0 = Debug|x64
		{B1180F55-1A73-4104-999D-812025952597}.Debug|x86.ActiveCfg = Debug|Win32
		{B1180F55-1A73-4104-999D-812025952597}.Debug|x86.Build.0 = Debug|Win32
		{B1180F55-1A73-4104-999D-812025952597}.Release|x64.ActiveCfg = Release|x64
		{B1180F55-1A73-4104-999D-812025952597}.Release|x64.Build.0 = Release|x64
		{B1180F55-1A73-4104-999D-812025952597}.Release|x86.ActiveCfg = Release|Win32
		{B1180F55-1A73-4104-999D-812025952597}.Release|x86.Build.0 = Release|Win32
	EndGlobalSection
	GlobalSection(SolutionProperties) = preSolution
		HideSolutionNode = FALSE
	EndGlobalSection
	GlobalSection(ExtensibilityGlobals) = postSolution
		SolutionGuid = {E948783E-B394-4D8D-BA7E-570F1489629B}
	EndGlobalSection
EndGlobal
